
Microsoft Visual Studio Solution File, Format Version 12.00
# Visual Studio Version 16
VisualStudioVersion = 16.0.31515.178
MinimumVisualStudioVersion = 10.0.40219.1
Project("{FAE04EC0-301F-11D3-BF4B-00C04F79EFBC}") = "Облікування Мобільних Пристроїв", "Облікування Мобільних Пристроїв.csproj", "{0F6F21F6-0F2F-4290-88FF-7D4D0BFDBF9A}"
EndProject
Global
	GlobalSection(SolutionConfigurationPlatforms) = preSolution
		Debug|Any CPU = Debug|Any CPU
		Release|Any CPU = Release|Any CPU
	EndGlobalSection
	GlobalSection(ProjectConfigurationPlatforms) = postSolution
		{0F6F21F6-0F2F-4290-88FF-7D4D0BFDBF9A}.Debug|Any CPU.ActiveCfg = Debug|Any CPU
		{0F6F21F6-0F2F-4290-88FF-7D4D0BFDBF9A}.Debug|Any CPU.Build.0 = Debug|Any CPU
		{0F6F21F6-0F2F-4290-88FF-7D4D0BFDBF9A}.Release|Any CPU.ActiveCfg = Release|Any CPU
		{0F6F21F6-0F2F-4290-88FF-7D4D0BFDBF9A}.Release|Any CPU.Build.0 = Release|Any CPU
	EndGlobalSection
	GlobalSection(SolutionProperties) = preSolution
		HideSolutionNode = FALSE
	EndGlobalSection
	GlobalSection(ExtensibilityGlobals) = postSolution
		SolutionGuid = {C002EA7B-2CEE-46CE-B980-3B6324A7EFF1}
	EndGlobalSection
EndGlobal
